
Microsoft Visual Studio Solution File, Format Version 12.00
# Visual Studio Version 16
VisualStudioVersion = 16.0.31624.102
MinimumVisualStudioVersion = 10.0.40219.1
Project("{FAE04EC0-301F-11D3-BF4B-00C04F79EFBC}") = "UMLtoProject", "UMLtoProject.csproj", "{B5B63C72-E7FB-4124-A422-65CAB6EA5E0A}"
EndProject
Global
	GlobalSection(SolutionConfigurationPlatforms) = preSolution
		Debug|Any CPU = Debug|Any CPU
		Release|Any CPU = Release|Any CPU
	EndGlobalSection
	GlobalSection(ProjectConfigurationPlatforms) = postSolution
		{B5B63C72-E7FB-4124-A422-65CAB6EA5E0A}.Debug|Any CPU.ActiveCfg = Debug|Any CPU
		{B5B63C72-E7FB-4124-A422-65CAB6EA5E0A}.Debug|Any CPU.Build.0 = Debug|Any CPU
		{B5B63C72-E7FB-4124-A422-65CAB6EA5E0A}.Release|Any CPU.ActiveCfg = Release|Any CPU
		{B5B63C72-E7FB-4124-A422-65CAB6EA5E0A}.Release|Any CPU.Build.0 = Release|Any CPU
	EndGlobalSection
	GlobalSection(SolutionProperties) = preSolution
		HideSolutionNode = FALSE
	EndGlobalSection
	GlobalSection(ExtensibilityGlobals) = postSolution
		SolutionGuid = {BE7079CF-CE3C-4DA0-9EB7-3BA70517056F}
	EndGlobalSection
EndGlobal
